
Microsoft Visual Studio Solution File, Format Version 12.00
# Visual Studio Version 17
VisualStudioVersion = 17.8.34511.84
MinimumVisualStudioVersion = 10.0.40219.1
Project("{9A19103F-16F7-4668-BE54-9A1E7A4F7556}") = "tp4", "tp4\tp4.csproj", "{EDF1C875-C198-4D52-B494-AAE4D78F8D07}"
EndProject
Global
	GlobalSection(SolutionConfigurationPlatforms) = preSolution
		Debug|Any CPU = Debug|Any CPU
		Release|Any CPU = Release|Any CPU
	EndGlobalSection
	GlobalSection(ProjectConfigurationPlatforms) = postSolution
		{EDF1C875-C198-4D52-B494-AAE4D78F8D07}.Debug|Any CPU.ActiveCfg = Debug|Any CPU
		{EDF1C875-C198-4D52-B494-AAE4D78F8D07}.Debug|Any CPU.Build.0 = Debug|Any CPU
		{EDF1C875-C198-4D52-B494-AAE4D78F8D07}.Release|Any CPU.ActiveCfg = Release|Any CPU
		{EDF1C875-C198-4D52-B494-AAE4D78F8D07}.Release|Any CPU.Build.0 = Release|Any CPU
	EndGlobalSection
	GlobalSection(SolutionProperties) = preSolution
		HideSolutionNode = FALSE
	EndGlobalSection
	GlobalSection(ExtensibilityGlobals) = postSolution
		SolutionGuid = {DFD45468-8931-453E-9CFA-7B93685749FC}
	EndGlobalSection
EndGlobal
